// !$*UTF8*$!
{
	archiveVersion = 1;
	classes = {
	};
	objectVersion = 55;
	objects = {

/* Begin PBXBuildFile section */
		2B4D103127050010004480C8 /* DishliciousApp.swift in Sources */ = {isa = PBXBuildFile; fileRef = 2B4D10212705000E004480C8 /* DishliciousApp.swift */; };
		2B4D103227050010004480C8 /* DishliciousApp.swift in Sources */ = {isa = PBXBuildFile; fileRef = 2B4D10212705000E004480C8 /* DishliciousApp.swift */; };
		2B4D103327050010004480C8 /* ContentView.swift in Sources */ = {isa = PBXBuildFile; fileRef = 2B4D10222705000E004480C8 /* ContentView.swift */; };
		2B4D103427050010004480C8 /* ContentView.swift in Sources */ = {isa = PBXBuildFile; fileRef = 2B4D10222705000E004480C8 /* ContentView.swift */; };
		2B4D103527050010004480C8 /* Assets.xcassets in Resources */ = {isa = PBXBuildFile; fileRef = 2B4D102327050010004480C8 /* Assets.xcassets */; };
		2B4D103627050010004480C8 /* Assets.xcassets in Resources */ = {isa = PBXBuildFile; fileRef = 2B4D102327050010004480C8 /* Assets.xcassets */; };
		2B4D104127050080004480C8 /* Recipies.swift in Sources */ = {isa = PBXBuildFile; fileRef = 2B4D104027050080004480C8 /* Recipies.swift */; };
		2B4D104327053C4A004480C8 /* GameFieldView.swift in Sources */ = {isa = PBXBuildFile; fileRef = 2B4D104227053C49004480C8 /* GameFieldView.swift */; };
		2B4D104527053E92004480C8 /* MainMenuView.swift in Sources */ = {isa = PBXBuildFile; fileRef = 2B4D104427053E92004480C8 /* MainMenuView.swift */; };
		2BBAD36F2706120900C3D2BF /* GameOver.swift in Sources */ = {isa = PBXBuildFile; fileRef = 2BBAD36E2706120900C3D2BF /* GameOver.swift */; };
		2BBAD3722706579200C3D2BF /* woosh.mp3 in Resources */ = {isa = PBXBuildFile; fileRef = 2BBAD3712706579200C3D2BF /* woosh.mp3 */; };
		2BBAD3742706579A00C3D2BF /* bling.wav in Resources */ = {isa = PBXBuildFile; fileRef = 2BBAD3732706579A00C3D2BF /* bling.wav */; };
/* End PBXBuildFile section */

/* Begin PBXFileReference section */
		2B4D10212705000E004480C8 /* DishliciousApp.swift */ = {isa = PBXFileReference; lastKnownFileType = sourcecode.swift; path = DishliciousApp.swift; sourceTree = "<group>"; };
		2B4D10222705000E004480C8 /* ContentView.swift */ = {isa = PBXFileReference; lastKnownFileType = sourcecode.swift; path = ContentView.swift; sourceTree = "<group>"; };
		2B4D102327050010004480C8 /* Assets.xcassets */ = {isa = PBXFileReference; lastKnownFileType = folder.assetcatalog; path = Assets.xcassets; sourceTree = "<group>"; };
		2B4D102827050010004480C8 /* Dishlicious.app */ = {isa = PBXFileReference; explicitFileType = wrapper.application; includeInIndex = 0; path = Dishlicious.app; sourceTree = BUILT_PRODUCTS_DIR; };
		2B4D102E27050010004480C8 /* Dishlicious.app */ = {isa = PBXFileReference; explicitFileType = wrapper.application; includeInIndex = 0; path = Dishlicious.app; sourceTree = BUILT_PRODUCTS_DIR; };
		2B4D103027050010004480C8 /* macOS.entitlements */ = {isa = PBXFileReference; lastKnownFileType = text.plist.entitlements; path = macOS.entitlements; sourceTree = "<group>"; };
		2B4D104027050080004480C8 /* Recipies.swift */ = {isa = PBXFileReference; lastKnownFileType = sourcecode.swift; path = Recipies.swift; sourceTree = "<group>"; };
		2B4D104227053C49004480C8 /* GameFieldView.swift */ = {isa = PBXFileReference; lastKnownFileType = sourcecode.swift; path = GameFieldView.swift; sourceTree = "<group>"; };
		2B4D104427053E92004480C8 /* MainMenuView.swift */ = {isa = PBXFileReference; lastKnownFileType = sourcecode.swift; path = MainMenuView.swift; sourceTree = "<group>"; };
		2BBAD36E2706120900C3D2BF /* GameOver.swift */ = {isa = PBXFileReference; lastKnownFileType = sourcecode.swift; path = GameOver.swift; sourceTree = "<group>"; };
		2BBAD3712706579200C3D2BF /* woosh.mp3 */ = {isa = PBXFileReference; lastKnownFileType = audio.mp3; path = woosh.mp3; sourceTree = "<group>"; };
		2BBAD3732706579A00C3D2BF /* bling.wav */ = {isa = PBXFileReference; lastKnownFileType = audio.wav; path = bling.wav; sourceTree = "<group>"; };
/* End PBXFileReference section */

/* Begin PBXFrameworksBuildPhase section */
		2B4D102527050010004480C8 /* Frameworks */ = {
			isa = PBXFrameworksBuildPhase;
			buildActionMask = 2147483647;
			files = (
			);
			runOnlyForDeploymentPostprocessing = 0;
		};
		2B4D102B27050010004480C8 /* Frameworks */ = {
			isa = PBXFrameworksBuildPhase;
			buildActionMask = 2147483647;
			files = (
			);
			runOnlyForDeploymentPostprocessing = 0;
		};
/* End PBXFrameworksBuildPhase section */

/* Begin PBXGroup section */
		2B4D101B2705000D004480C8 = {
			isa = PBXGroup;
			children = (
				2B4D10202705000E004480C8 /* Shared */,
				2B4D102F27050010004480C8 /* macOS */,
				2B4D102927050010004480C8 /* Products */,
			);
			sourceTree = "<group>";
		};
		2B4D10202705000E004480C8 /* Shared */ = {
			isa = PBXGroup;
			children = (
				2BBAD3702706578400C3D2BF /* Sounds */,
				2B4D103F2705006D004480C8 /* Models */,
				2B4D10212705000E004480C8 /* DishliciousApp.swift */,
				2B4D10222705000E004480C8 /* ContentView.swift */,
				2B4D104227053C49004480C8 /* GameFieldView.swift */,
				2B4D102327050010004480C8 /* Assets.xcassets */,
				2B4D104427053E92004480C8 /* MainMenuView.swift */,
				2BBAD36E2706120900C3D2BF /* GameOver.swift */,
			);
			path = Shared;
			sourceTree = "<group>";
		};
		2B4D102927050010004480C8 /* Products */ = {
			isa = PBXGroup;
			children = (
				2B4D102827050010004480C8 /* Dishlicious.app */,
				2B4D102E27050010004480C8 /* Dishlicious.app */,
			);
			name = Products;
			sourceTree = "<group>";
		};
		2B4D102F27050010004480C8 /* macOS */ = {
			isa = PBXGroup;
			children = (
				2B4D103027050010004480C8 /* macOS.entitlements */,
			);
			path = macOS;
			sourceTree = "<group>";
		};
		2B4D103F2705006D004480C8 /* Models */ = {
			isa = PBXGroup;
			children = (
				2B4D104027050080004480C8 /* Recipies.swift */,
			);
			path = Models;
			sourceTree = "<group>";
		};
		2BBAD3702706578400C3D2BF /* Sounds */ = {
			isa = PBXGroup;
			children = (
				2BBAD3712706579200C3D2BF /* woosh.mp3 */,
				2BBAD3732706579A00C3D2BF /* bling.wav */,
			);
			path = Sounds;
			sourceTree = "<group>";
		};
/* End PBXGroup section */

/* Begin PBXNativeTarget section */
		2B4D102727050010004480C8 /* Dishlicious (iOS) */ = {
			isa = PBXNativeTarget;
			buildConfigurationList = 2B4D103927050010004480C8 /* Build configuration list for PBXNativeTarget "Dishlicious (iOS)" */;
			buildPhases = (
				2B4D102427050010004480C8 /* Sources */,
				2B4D102527050010004480C8 /* Frameworks */,
				2B4D102627050010004480C8 /* Resources */,
			);
			buildRules = (
			);
			dependencies = (
			);
			name = "Dishlicious (iOS)";
			productName = "Dishlicious (iOS)";
			productReference = 2B4D102827050010004480C8 /* Dishlicious.app */;
			productType = "com.apple.product-type.application";
		};
		2B4D102D27050010004480C8 /* Dishlicious (macOS) */ = {
			isa = PBXNativeTarget;
			buildConfigurationList = 2B4D103C27050010004480C8 /* Build configuration list for PBXNativeTarget "Dishlicious (macOS)" */;
			buildPhases = (
				2B4D102A27050010004480C8 /* Sources */,
				2B4D102B27050010004480C8 /* Frameworks */,
				2B4D102C27050010004480C8 /* Resources */,
			);
			buildRules = (
			);
			dependencies = (
			);
			name = "Dishlicious (macOS)";
			productName = "Dishlicious (macOS)";
			productReference = 2B4D102E27050010004480C8 /* Dishlicious.app */;
			productType = "com.apple.product-type.application";
		};
/* End PBXNativeTarget section */

/* Begin PBXProject section */
		2B4D101C2705000D004480C8 /* Project object */ = {
			isa = PBXProject;
			attributes = {
				BuildIndependentTargetsInParallel = 1;
				LastSwiftUpdateCheck = 1300;
				LastUpgradeCheck = 1300;
				TargetAttributes = {
					2B4D102727050010004480C8 = {
						CreatedOnToolsVersion = 13.0;
					};
					2B4D102D27050010004480C8 = {
						CreatedOnToolsVersion = 13.0;
					};
				};
			};
			buildConfigurationList = 2B4D101F2705000D004480C8 /* Build configuration list for PBXProject "Dishlicious" */;
			compatibilityVersion = "Xcode 13.0";
			developmentRegion = en;
			hasScannedForEncodings = 0;
			knownRegions = (
				en,
				Base,
			);
			mainGroup = 2B4D101B2705000D004480C8;
			productRefGroup = 2B4D102927050010004480C8 /* Products */;
			projectDirPath = "";
			projectRoot = "";
			targets = (
				2B4D102727050010004480C8 /* Dishlicious (iOS) */,
				2B4D102D27050010004480C8 /* Dishlicious (macOS) */,
			);
		};
/* End PBXProject section */

/* Begin PBXResourcesBuildPhase section */
		2B4D102627050010004480C8 /* Resources */ = {
			isa = PBXResourcesBuildPhase;
			buildActionMask = 2147483647;
			files = (
				2B4D103527050010004480C8 /* Assets.xcassets in Resources */,
				2BBAD3722706579200C3D2BF /* woosh.mp3 in Resources */,
				2BBAD3742706579A00C3D2BF /* bling.wav in Resources */,
			);
			runOnlyForDeploymentPostprocessing = 0;
		};
		2B4D102C27050010004480C8 /* Resources */ = {
			isa = PBXResourcesBuildPhase;
			buildActionMask = 2147483647;
			files = (
				2B4D103627050010004480C8 /* Assets.xcassets in Resources */,
			);
			runOnlyForDeploymentPostprocessing = 0;
		};
/* End PBXResourcesBuildPhase section */

/* Begin PBXSourcesBuildPhase section */
		2B4D102427050010004480C8 /* Sources */ = {
			isa = PBXSourcesBuildPhase;
			buildActionMask = 2147483647;
			files = (
				2B4D104527053E92004480C8 /* MainMenuView.swift in Sources */,
				2B4D103327050010004480C8 /* ContentView.swift in Sources */,
				2BBAD36F2706120900C3D2BF /* GameOver.swift in Sources */,
				2B4D104127050080004480C8 /* Recipies.swift in Sources */,
				2B4D103127050010004480C8 /* DishliciousApp.swift in Sources */,
				2B4D104327053C4A004480C8 /* GameFieldView.swift in Sources */,
			);
			runOnlyForDeploymentPostprocessing = 0;
		};
		2B4D102A27050010004480C8 /* Sources */ = {
			isa = PBXSourcesBuildPhase;
			buildActionMask = 2147483647;
			files = (
				2B4D103427050010004480C8 /* ContentView.swift in Sources */,
				2B4D103227050010004480C8 /* DishliciousApp.swift in Sources */,
			);
			runOnlyForDeploymentPostprocessing = 0;
		};
/* End PBXSourcesBuildPhase section */

/* Begin XCBuildConfiguration section */
		2B4D103727050010004480C8 /* Debug */ = {
			isa = XCBuildConfiguration;
			buildSettings = {
				ALWAYS_SEARCH_USER_PATHS = NO;
				CLANG_ANALYZER_NONNULL = YES;
				CLANG_ANALYZER_NUMBER_OBJECT_CONVERSION = YES_AGGRESSIVE;
				CLANG_CXX_LANGUAGE_STANDARD = "gnu++17";
				CLANG_CXX_LIBRARY = "libc++";
				CLANG_ENABLE_MODULES = YES;
				CLANG_ENABLE_OBJC_ARC = YES;
				CLANG_ENABLE_OBJC_WEAK = YES;
				CLANG_WARN_BLOCK_CAPTURE_AUTORELEASING = YES;
				CLANG_WARN_BOOL_CONVERSION = YES;
				CLANG_WARN_COMMA = YES;
				CLANG_WARN_CONSTANT_CONVERSION = YES;
				CLANG_WARN_DEPRECATED_OBJC_IMPLEMENTATIONS = YES;
				CLANG_WARN_DIRECT_OBJC_ISA_USAGE = YES_ERROR;
				CLANG_WARN_DOCUMENTATION_COMMENTS = YES;
				CLANG_WARN_EMPTY_BODY = YES;
				CLANG_WARN_ENUM_CONVERSION = YES;
				CLANG_WARN_INFINITE_RECURSION = YES;
				CLANG_WARN_INT_CONVERSION = YES;
				CLANG_WARN_NON_LITERAL_NULL_CONVERSION = YES;
				CLANG_WARN_OBJC_IMPLICIT_RETAIN_SELF = YES;
				CLANG_WARN_OBJC_LITERAL_CONVERSION = YES;
				CLANG_WARN_OBJC_ROOT_CLASS = YES_ERROR;
				CLANG_WARN_QUOTED_INCLUDE_IN_FRAMEWORK_HEADER = YES;
				CLANG_WARN_RANGE_LOOP_ANALYSIS = YES;
				CLANG_WARN_STRICT_PROTOTYPES = YES;
				CLANG_WARN_SUSPICIOUS_MOVE = YES;
				CLANG_WARN_UNGUARDED_AVAILABILITY = YES_AGGRESSIVE;
				CLANG_WARN_UNREACHABLE_CODE = YES;
				CLANG_WARN__DUPLICATE_METHOD_MATCH = YES;
				COPY_PHASE_STRIP = NO;
				DEBUG_INFORMATION_FORMAT = dwarf;
				ENABLE_STRICT_OBJC_MSGSEND = YES;
				ENABLE_TESTABILITY = YES;
				GCC_C_LANGUAGE_STANDARD = gnu11;
				GCC_DYNAMIC_NO_PIC = NO;
				GCC_NO_COMMON_BLOCKS = YES;
				GCC_OPTIMIZATION_LEVEL = 0;
				GCC_PREPROCESSOR_DEFINITIONS = (
					"DEBUG=1",
					"$(inherited)",
				);
				GCC_WARN_64_TO_32_BIT_CONVERSION = YES;
				GCC_WARN_ABOUT_RETURN_TYPE = YES_ERROR;
				GCC_WARN_UNDECLARED_SELECTOR = YES;
				GCC_WARN_UNINITIALIZED_AUTOS = YES_AGGRESSIVE;
				GCC_WARN_UNUSED_FUNCTION = YES;
				GCC_WARN_UNUSED_VARIABLE = YES;
				MTL_ENABLE_DEBUG_INFO = INCLUDE_SOURCE;
				MTL_FAST_MATH = YES;
				ONLY_ACTIVE_ARCH = YES;
				SWIFT_ACTIVE_COMPILATION_CONDITIONS = DEBUG;
				SWIFT_OPTIMIZATION_LEVEL = "-Onone";
			};
			name = Debug;
		};
		2B4D103827050010004480C8 /* Release */ = {
			isa = XCBuildConfiguration;
			buildSettings = {
				ALWAYS_SEARCH_USER_PATHS = NO;
				CLANG_ANALYZER_NONNULL = YES;
				CLANG_ANALYZER_NUMBER_OBJECT_CONVERSION = YES_AGGRESSIVE;
				CLANG_CXX_LANGUAGE_STANDARD = "gnu++17";
				CLANG_CXX_LIBRARY = "libc++";
				CLANG_ENABLE_MODULES = YES;
				CLANG_ENABLE_OBJC_ARC = YES;
				CLANG_ENABLE_OBJC_WEAK = YES;
				CLANG_WARN_BLOCK_CAPTURE_AUTORELEASING = YES;
				CLANG_WARN_BOOL_CONVERSION = YES;
				CLANG_WARN_COMMA = YES;
				CLANG_WARN_CONSTANT_CONVERSION = YES;
				CLANG_WARN_DEPRECATED_OBJC_IMPLEMENTATIONS = YES;
				CLANG_WARN_DIRECT_OBJC_ISA_USAGE = YES_ERROR;
				CLANG_WARN_DOCUMENTATION_COMMENTS = YES;
				CLANG_WARN_EMPTY_BODY = YES;
				CLANG_WARN_ENUM_CONVERSION = YES;
				CLANG_WARN_INFINITE_RECURSION = YES;
				CLANG_WARN_INT_CONVERSION = YES;
				CLANG_WARN_NON_LITERAL_NULL_CONVERSION = YES;
				CLANG_WARN_OBJC_IMPLICIT_RETAIN_SELF = YES;
				CLANG_WARN_OBJC_LITERAL_CONVERSION = YES;
				CLANG_WARN_OBJC_ROOT_CLASS = YES_ERROR;
				CLANG_WARN_QUOTED_INCLUDE_IN_FRAMEWORK_HEADER = YES;
				CLANG_WARN_RANGE_LOOP_ANALYSIS = YES;
				CLANG_WARN_STRICT_PROTOTYPES = YES;
				CLANG_WARN_SUSPICIOUS_MOVE = YES;
				CLANG_WARN_UNGUARDED_AVAILABILITY = YES_AGGRESSIVE;
				CLANG_WARN_UNREACHABLE_CODE = YES;
				CLANG_WARN__DUPLICATE_METHOD_MATCH = YES;
				COPY_PHASE_STRIP = NO;
				DEBUG_INFORMATION_FORMAT = "dwarf-with-dsym";
				ENABLE_NS_ASSERTIONS = NO;
				ENABLE_STRICT_OBJC_MSGSEND = YES;
				GCC_C_LANGUAGE_STANDARD = gnu11;
				GCC_NO_COMMON_BLOCKS = YES;
				GCC_WARN_64_TO_32_BIT_CONVERSION = YES;
				GCC_WARN_ABOUT_RETURN_TYPE = YES_ERROR;
				GCC_WARN_UNDECLARED_SELECTOR = YES;
				GCC_WARN_UNINITIALIZED_AUTOS = YES_AGGRESSIVE;
				GCC_WARN_UNUSED_FUNCTION = YES;
				GCC_WARN_UNUSED_VARIABLE = YES;
				MTL_ENABLE_DEBUG_INFO = NO;
				MTL_FAST_MATH = YES;
				SWIFT_COMPILATION_MODE = wholemodule;
				SWIFT_OPTIMIZATION_LEVEL = "-O";
			};
			name = Release;
		};
		2B4D103A27050010004480C8 /* Debug */ = {
			isa = XCBuildConfiguration;
			buildSettings = {
				ASSETCATALOG_COMPILER_APPICON_NAME = AppIcon;
				ASSETCATALOG_COMPILER_GLOBAL_ACCENT_COLOR_NAME = AccentColor;
				CODE_SIGN_IDENTITY = "iPhone Developer";
				CODE_SIGN_STYLE = Manual;
				CURRENT_PROJECT_VERSION = 1;
				DEVELOPMENT_TEAM = FCT75SQ3DW;
				ENABLE_PREVIEWS = YES;
				GENERATE_INFOPLIST_FILE = YES;
				INFOPLIST_KEY_UIApplicationSceneManifest_Generation = YES;
				INFOPLIST_KEY_UIApplicationSupportsIndirectInputEvents = YES;
				INFOPLIST_KEY_UILaunchScreen_Generation = YES;
				INFOPLIST_KEY_UISupportedInterfaceOrientations_iPad = "UIInterfaceOrientationPortrait UIInterfaceOrientationPortraitUpsideDown UIInterfaceOrientationLandscapeLeft UIInterfaceOrientationLandscapeRight";
				INFOPLIST_KEY_UISupportedInterfaceOrientations_iPhone = "UIInterfaceOrientationPortrait UIInterfaceOrientationLandscapeLeft UIInterfaceOrientationLandscapeRight";
				IPHONEOS_DEPLOYMENT_TARGET = 14.0;
				LD_RUNPATH_SEARCH_PATHS = (
					"$(inherited)",
					"@executable_path/Frameworks",
				);
				MARKETING_VERSION = 1.0;
				PRODUCT_BUNDLE_IDENTIFIER = com.kejvi.Dishlicious;
				PRODUCT_NAME = Dishlicious;
				PROVISIONING_PROFILE_SPECIFIER = DishLicious;
				SDKROOT = iphoneos;
				SWIFT_EMIT_LOC_STRINGS = YES;
				SWIFT_VERSION = 5.0;
				TARGETED_DEVICE_FAMILY = "1,2";
			};
			name = Debug;
		};
		2B4D103B27050010004480C8 /* Release */ = {
			isa = XCBuildConfiguration;
			buildSettings = {
				ASSETCATALOG_COMPILER_APPICON_NAME = AppIcon;
				ASSETCATALOG_COMPILER_GLOBAL_ACCENT_COLOR_NAME = AccentColor;
				CODE_SIGN_IDENTITY = "iPhone Developer";
				CODE_SIGN_STYLE = Manual;
				CURRENT_PROJECT_VERSION = 1;
				DEVELOPMENT_TEAM = FCT75SQ3DW;
				ENABLE_PREVIEWS = YES;
				GENERATE_INFOPLIST_FILE = YES;
				INFOPLIST_KEY_UIApplicationSceneManifest_Generation = YES;
				INFOPLIST_KEY_UIApplicationSupportsIndirectInputEvents = YES;
				INFOPLIST_KEY_UILaunchScreen_Generation = YES;
				INFOPLIST_KEY_UISupportedInterfaceOrientations_iPad = "UIInterfaceOrientationPortrait UIInterfaceOrientationPortraitUpsideDown UIInterfaceOrientationLandscapeLeft UIInterfaceOrientationLandscapeRight";
				INFOPLIST_KEY_UISupportedInterfaceOrientations_iPhone = "UIInterfaceOrientationPortrait UIInterfaceOrientationLandscapeLeft UIInterfaceOrientationLandscapeRight";
				IPHONEOS_DEPLOYMENT_TARGET = 14.0;
				LD_RUNPATH_SEARCH_PATHS = (
					"$(inherited)",
					"@executable_path/Frameworks",
				);
				MARKETING_VERSION = 1.0;
				PRODUCT_BUNDLE_IDENTIFIER = com.kejvi.Dishlicious;
				PRODUCT_NAME = Dishlicious;
				PROVISIONING_PROFILE_SPECIFIER = DishLicious;
				SDKROOT = iphoneos;
				SWIFT_EMIT_LOC_STRINGS = YES;
				SWIFT_VERSION = 5.0;
				TARGETED_DEVICE_FAMILY = "1,2";
				VALIDATE_PRODUCT = YES;
			};
			name = Release;
		};
		2B4D103D27050010004480C8 /* Debug */ = {
			isa = XCBuildConfiguration;
			buildSettings = {
				ASSETCATALOG_COMPILER_APPICON_NAME = AppIcon;
				ASSETCATALOG_COMPILER_GLOBAL_ACCENT_COLOR_NAME = AccentColor;
				CODE_SIGN_ENTITLEMENTS = macOS/macOS.entitlements;
				CODE_SIGN_STYLE = Automatic;
				COMBINE_HIDPI_IMAGES = YES;
				CURRENT_PROJECT_VERSION = 1;
				ENABLE_PREVIEWS = YES;
				GENERATE_INFOPLIST_FILE = YES;
				INFOPLIST_KEY_NSHumanReadableCopyright = "";
				LD_RUNPATH_SEARCH_PATHS = (
					"$(inherited)",
					"@executable_path/../Frameworks",
				);
				MACOSX_DEPLOYMENT_TARGET = 11.0;
				MARKETING_VERSION = 1.0;
				PRODUCT_BUNDLE_IDENTIFIER = com.zemind.Dishlicious;
				PRODUCT_NAME = Dishlicious;
				SDKROOT = macosx;
				SWIFT_EMIT_LOC_STRINGS = YES;
				SWIFT_VERSION = 5.0;
			};
			name = Debug;
		};
		2B4D103E27050010004480C8 /* Release */ = {
			isa = XCBuildConfiguration;
			buildSettings = {
				ASSETCATALOG_COMPILER_APPICON_NAME = AppIcon;
				ASSETCATALOG_COMPILER_GLOBAL_ACCENT_COLOR_NAME = AccentColor;
				CODE_SIGN_ENTITLEMENTS = macOS/macOS.entitlements;
				CODE_SIGN_STYLE = Automatic;
				COMBINE_HIDPI_IMAGES = YES;
				CURRENT_PROJECT_VERSION = 1;
				ENABLE_PREVIEWS = YES;
				GENERATE_INFOPLIST_FILE = YES;
				INFOPLIST_KEY_NSHumanReadableCopyright = "";
				LD_RUNPATH_SEARCH_PATHS = (
					"$(inherited)",
					"@executable_path/../Frameworks",
				);
				MACOSX_DEPLOYMENT_TARGET = 11.0;
				MARKETING_VERSION = 1.0;
				PRODUCT_BUNDLE_IDENTIFIER = com.zemind.Dishlicious;
				PRODUCT_NAME = Dishlicious;
				SDKROOT = macosx;
				SWIFT_EMIT_LOC_STRINGS = YES;
				SWIFT_VERSION = 5.0;
			};
			name = Release;
		};
/* End XCBuildConfiguration section */

/* Begin XCConfigurationList section */
		2B4D101F2705000D004480C8 /* Build configuration list for PBXProject "Dishlicious" */ = {
			isa = XCConfigurationList;
			buildConfigurations = (
				2B4D103727050010004480C8 /* Debug */,
				2B4D103827050010004480C8 /* Release */,
			);
			defaultConfigurationIsVisible = 0;
			defaultConfigurationName = Release;
		};
		2B4D103927050010004480C8 /* Build configuration list for PBXNativeTarget "Dishlicious (iOS)" */ = {
			isa = XCConfigurationList;
			buildConfigurations = (
				2B4D103A27050010004480C8 /* Debug */,
				2B4D103B27050010004480C8 /* Release */,
			);
			defaultConfigurationIsVisible = 0;
			defaultConfigurationName = Release;
		};
		2B4D103C27050010004480C8 /* Build configuration list for PBXNativeTarget "Dishlicious (macOS)" */ = {
			isa = XCConfigurationList;
			buildConfigurations = (
				2B4D103D27050010004480C8 /* Debug */,
				2B4D103E27050010004480C8 /* Release */,
			);
			defaultConfigurationIsVisible = 0;
			defaultConfigurationName = Release;
		};
/* End XCConfigurationList section */
	};
	rootObject = 2B4D101C2705000D004480C8 /* Project object */;
}
